
Microsoft Visual Studio Solution File, Format Version 12.00
# Visual Studio Version 16
VisualStudioVersion = 16.0.30621.155
MinimumVisualStudioVersion = 10.0.40219.1
Project("{9A19103F-16F7-4668-BE54-9A1E7A4F7556}") = "VehicleRecognition.Functions", "VehicleRecognition.Functions\VehicleRecognition.Functions.csproj", "{654A260B-1D19-45C6-93EF-BD61CD35F0C3}"
EndProject
Project("{9A19103F-16F7-4668-BE54-9A1E7A4F7556}") = "VehicleRecognition.Client", "VehicleRecognition.Client\VehicleRecognition.Client.csproj", "{9DD3209E-70A5-4C76-BAA3-0897AE909362}"
EndProject
Project("{FAE04EC0-301F-11D3-BF4B-00C04F79EFBC}") = "VehicleRecognition.Shared", "VehicleRecognition.Shared\VehicleRecognition.Shared.csproj", "{65C168E9-C80B-421E-BCCD-4FE56A2D330F}"
EndProject
Global
	GlobalSection(SolutionConfigurationPlatforms) = preSolution
		Debug|Any CPU = Debug|Any CPU
		Release|Any CPU = Release|Any CPU
	EndGlobalSection
	GlobalSection(ProjectConfigurationPlatforms) = postSolution
		{654A260B-1D19-45C6-93EF-BD61CD35F0C3}.Debug|Any CPU.ActiveCfg = Debug|Any CPU
		{654A260B-1D19-45C6-93EF-BD61CD35F0C3}.Debug|Any CPU.Build.0 = Debug|Any CPU
		{654A260B-1D19-45C6-93EF-BD61CD35F0C3}.Release|Any CPU.ActiveCfg = Release|Any CPU
		{654A260B-1D19-45C6-93EF-BD61CD35F0C3}.Release|Any CPU.Build.0 = Release|Any CPU
		{9DD3209E-70A5-4C76-BAA3-0897AE909362}.Debug|Any CPU.ActiveCfg = Debug|Any CPU
		{9DD3209E-70A5-4C76-BAA3-0897AE909362}.Debug|Any CPU.Build.0 = Debug|Any CPU
		{9DD3209E-70A5-4C76-BAA3-0897AE909362}.Release|Any CPU.ActiveCfg = Release|Any CPU
		{9DD3209E-70A5-4C76-BAA3-0897AE909362}.Release|Any CPU.Build.0 = Release|Any CPU
		{65C168E9-C80B-421E-BCCD-4FE56A2D330F}.Debug|Any CPU.ActiveCfg = Debug|Any CPU
		{65C168E9-C80B-421E-BCCD-4FE56A2D330F}.Debug|Any CPU.Build.0 = Debug|Any CPU
		{65C168E9-C80B-421E-BCCD-4FE56A2D330F}.Release|Any CPU.ActiveCfg = Release|Any CPU
		{65C168E9-C80B-421E-BCCD-4FE56A2D330F}.Release|Any CPU.Build.0 = Release|Any CPU
	EndGlobalSection
	GlobalSection(SolutionProperties) = preSolution
		HideSolutionNode = FALSE
	EndGlobalSection
	GlobalSection(ExtensibilityGlobals) = postSolution
		SolutionGuid = {2920AA8D-807C-4B3F-A9CD-D960B6C8D76F}
	EndGlobalSection
EndGlobal
